
Microsoft Visual Studio Solution File, Format Version 12.00
# Visual Studio 2017
Project("{FAE04EC0-301F-11D3-BF4B-00C04F79EFBC}") = "voxel-rpg", "voxel-rpg.csproj", "{9B49801E-8AFA-C88C-B4E7-0BDC89012E73}"
EndProject
Global
	GlobalSection(SolutionConfigurationPlatforms) = preSolution
		Debug|Any CPU = Debug|Any CPU
		Release|Any CPU = Release|Any CPU
	EndGlobalSection
	GlobalSection(ProjectConfigurationPlatforms) = postSolution
		{9B49801E-8AFA-C88C-B4E7-0BDC89012E73}.Debug|Any CPU.ActiveCfg = Debug|Any CPU
		{9B49801E-8AFA-C88C-B4E7-0BDC89012E73}.Debug|Any CPU.Build.0 = Debug|Any CPU
		{9B49801E-8AFA-C88C-B4E7-0BDC89012E73}.Release|Any CPU.ActiveCfg = Release|Any CPU
		{9B49801E-8AFA-C88C-B4E7-0BDC89012E73}.Release|Any CPU.Build.0 = Release|Any CPU
	EndGlobalSection
	GlobalSection(SolutionProperties) = preSolution
		HideSolutionNode = FALSE
	EndGlobalSection
EndGlobal
